
Microsoft Visual Studio Solution File, Format Version 12.00
# Visual Studio Version 17
VisualStudioVersion = 17.3.32901.215
MinimumVisualStudioVersion = 10.0.40219.1
Project("{FAE04EC0-301F-11D3-BF4B-00C04F79EFBC}") = "AP_Lab_02_1", "AP_Lab_02_1\AP_Lab_02_1.csproj", "{C57BDDF6-1584-46EA-BA31-7EB3D0BB22F5}"
EndProject
Global
	GlobalSection(SolutionConfigurationPlatforms) = preSolution
		Debug|Any CPU = Debug|Any CPU
		Release|Any CPU = Release|Any CPU
	EndGlobalSection
	GlobalSection(ProjectConfigurationPlatforms) = postSolution
		{C57BDDF6-1584-46EA-BA31-7EB3D0BB22F5}.Debug|Any CPU.ActiveCfg = Debug|Any CPU
		{C57BDDF6-1584-46EA-BA31-7EB3D0BB22F5}.Debug|Any CPU.Build.0 = Debug|Any CPU
		{C57BDDF6-1584-46EA-BA31-7EB3D0BB22F5}.Release|Any CPU.ActiveCfg = Release|Any CPU
		{C57BDDF6-1584-46EA-BA31-7EB3D0BB22F5}.Release|Any CPU.Build.0 = Release|Any CPU
	EndGlobalSection
	GlobalSection(SolutionProperties) = preSolution
		HideSolutionNode = FALSE
	EndGlobalSection
	GlobalSection(ExtensibilityGlobals) = postSolution
		SolutionGuid = {53051084-A2CD-49FF-9D60-9D7BEB32BD81}
	EndGlobalSection
EndGlobal
